
Microsoft Visual Studio Solution File, Format Version 12.00
# Visual Studio Version 16
VisualStudioVersion = 16.0.31624.102
MinimumVisualStudioVersion = 10.0.40219.1
Project("{FAE04EC0-301F-11D3-BF4B-00C04F79EFBC}") = "Sqrt", "Sqrt\Sqrt.csproj", "{36118C00-959C-4FE1-ADDB-FC1CCC293D7C}"
EndProject
Global
	GlobalSection(SolutionConfigurationPlatforms) = preSolution
		Debug|Any CPU = Debug|Any CPU
		Release|Any CPU = Release|Any CPU
	EndGlobalSection
	GlobalSection(ProjectConfigurationPlatforms) = postSolution
		{36118C00-959C-4FE1-ADDB-FC1CCC293D7C}.Debug|Any CPU.ActiveCfg = Debug|Any CPU
		{36118C00-959C-4FE1-ADDB-FC1CCC293D7C}.Debug|Any CPU.Build.0 = Debug|Any CPU
		{36118C00-959C-4FE1-ADDB-FC1CCC293D7C}.Release|Any CPU.ActiveCfg = Release|Any CPU
		{36118C00-959C-4FE1-ADDB-FC1CCC293D7C}.Release|Any CPU.Build.0 = Release|Any CPU
	EndGlobalSection
	GlobalSection(SolutionProperties) = preSolution
		HideSolutionNode = FALSE
	EndGlobalSection
	GlobalSection(ExtensibilityGlobals) = postSolution
		SolutionGuid = {92CE260E-9D78-4920-BDD9-F60165DC93AB}
	EndGlobalSection
EndGlobal
