
Microsoft Visual Studio Solution File, Format Version 12.00
# Visual Studio Version 16
VisualStudioVersion = 16.0.31624.102
MinimumVisualStudioVersion = 10.0.40219.1
Project("{FAE04EC0-301F-11D3-BF4B-00C04F79EFBC}") = "VendingMachine", "VendingMachine\VendingMachine.csproj", "{880BF85F-118E-416C-AEA0-617D78640BCB}"
EndProject
Global
	GlobalSection(SolutionConfigurationPlatforms) = preSolution
		Debug|Any CPU = Debug|Any CPU
		Release|Any CPU = Release|Any CPU
	EndGlobalSection
	GlobalSection(ProjectConfigurationPlatforms) = postSolution
		{880BF85F-118E-416C-AEA0-617D78640BCB}.Debug|Any CPU.ActiveCfg = Debug|Any CPU
		{880BF85F-118E-416C-AEA0-617D78640BCB}.Debug|Any CPU.Build.0 = Debug|Any CPU
		{880BF85F-118E-416C-AEA0-617D78640BCB}.Release|Any CPU.ActiveCfg = Release|Any CPU
		{880BF85F-118E-416C-AEA0-617D78640BCB}.Release|Any CPU.Build.0 = Release|Any CPU
	EndGlobalSection
	GlobalSection(SolutionProperties) = preSolution
		HideSolutionNode = FALSE
	EndGlobalSection
	GlobalSection(ExtensibilityGlobals) = postSolution
		SolutionGuid = {57019466-E7CE-4ACC-AF16-DBC56929A71A}
	EndGlobalSection
EndGlobal
