
Microsoft Visual Studio Solution File, Format Version 12.00
# Visual Studio Version 16
VisualStudioVersion = 16.0.31624.102
MinimumVisualStudioVersion = 10.0.40219.1
Project("{FAE04EC0-301F-11D3-BF4B-00C04F79EFBC}") = "BinaryToDecimal", "BinaryToDecimal\BinaryToDecimal.csproj", "{FBAB12B6-EE33-4877-9F82-56C172756B68}"
EndProject
Global
	GlobalSection(SolutionConfigurationPlatforms) = preSolution
		Debug|Any CPU = Debug|Any CPU
		Release|Any CPU = Release|Any CPU
	EndGlobalSection
	GlobalSection(ProjectConfigurationPlatforms) = postSolution
		{FBAB12B6-EE33-4877-9F82-56C172756B68}.Debug|Any CPU.ActiveCfg = Debug|Any CPU
		{FBAB12B6-EE33-4877-9F82-56C172756B68}.Debug|Any CPU.Build.0 = Debug|Any CPU
		{FBAB12B6-EE33-4877-9F82-56C172756B68}.Release|Any CPU.ActiveCfg = Release|Any CPU
		{FBAB12B6-EE33-4877-9F82-56C172756B68}.Release|Any CPU.Build.0 = Release|Any CPU
	EndGlobalSection
	GlobalSection(SolutionProperties) = preSolution
		HideSolutionNode = FALSE
	EndGlobalSection
	GlobalSection(ExtensibilityGlobals) = postSolution
		SolutionGuid = {3BDBB517-82BB-4F4F-B255-438C0502C494}
	EndGlobalSection
EndGlobal
